<?xml version="1.0" encoding="utf-8"?>
<Project ToolsVersion="4.0" xmlns="http://schemas.microsoft.com/developer/msbuild/2003">
  <ItemGroup>
    <Filter Include="Исходные файлы">
      <UniqueIdentifier>{4FC737F1-C7A5-4376-A066-2A32D752A2FF}</UniqueIdentifier>
      <Extensions>cpp;c;cc;cxx;c++;cppm;ixx;def;odl;idl;hpj;bat;asm;asmx</Extensions>
    </Filter>
    <Filter Include="Файлы заголовков">
      <UniqueIdentifier>{93995380-89BD-4b04-88EB-625FBE52EBFB}</UniqueIdentifier>
      <Extensions>h;hh;hpp;hxx;h++;hm;inl;inc;ipp;xsd</Extensions>
    </Filter>
    <Filter Include="Файлы ресурсов">
      <UniqueIdentifier>{67DA6AB6-F800-4c08-8B7A-83BB121AAD01}</UniqueIdentifier>
      <Extensions>rc;ico;cur;bmp;dlg;rc2;rct;bin;rgs;gif;jpg;jpeg;jpe;resx;tiff;tif;png;wav;mfcribbon-ms</Extensions>
    </Filter>
  </ItemGroup>
  <ItemGroup>
    <ClInclude Include="framework.h">
      <Filter>Файлы заголовков</Filter>
    </ClInclude>
    <ClInclude Include="pch.h">
      <Filter>Файлы заголовков</Filter>
    </ClInclude>
    <ClInclude Include="Storage\storage.hpp">
      <Filter>Файлы заголовков</Filter>
    </ClInclude>
    <ClInclude Include="Reverse\memory\memory.hpp">
      <Filter>Файлы заголовков</Filter>
    </ClInclude>
    <ClInclude Include="Reverse\memory\WinAPI.hpp">
      <Filter>Файлы заголовков</Filter>
    </ClInclude>
    <ClInclude Include="Dependencies\luacode.h">
      <Filter>Файлы заголовков</Filter>
    </ClInclude>
    <ClInclude Include="Dependencies\xxhash.h">
      <Filter>Файлы заголовков</Filter>
    </ClInclude>
    <ClInclude Include="Dependencies\zstd\zdict.h">
      <Filter>Файлы заголовков</Filter>
    </ClInclude>
    <ClInclude Include="Dependencies\zstd\zstd.h">
      <Filter>Файлы заголовков</Filter>
    </ClInclude>
    <ClInclude Include="Dependencies\zstd\zstd_errors.h">
      <Filter>Файлы заголовков</Filter>
    </ClInclude>
    <ClInclude Include="Dependencies\zstd\legacy\zstd_legacy.h">
      <Filter>Файлы заголовков</Filter>
    </ClInclude>
    <ClInclude Include="Dependencies\zstd\legacy\zstd_v01.h">
      <Filter>Файлы заголовков</Filter>
    </ClInclude>
    <ClInclude Include="Dependencies\zstd\legacy\zstd_v02.h">
      <Filter>Файлы заголовков</Filter>
    </ClInclude>
    <ClInclude Include="Dependencies\zstd\legacy\zstd_v03.h">
      <Filter>Файлы заголовков</Filter>
    </ClInclude>
    <ClInclude Include="Dependencies\zstd\legacy\zstd_v04.h">
      <Filter>Файлы заголовков</Filter>
    </ClInclude>
    <ClInclude Include="Dependencies\zstd\legacy\zstd_v05.h">
      <Filter>Файлы заголовков</Filter>
    </ClInclude>
    <ClInclude Include="Dependencies\zstd\legacy\zstd_v06.h">
      <Filter>Файлы заголовков</Filter>
    </ClInclude>
    <ClInclude Include="Dependencies\zstd\legacy\zstd_v07.h">
      <Filter>Файлы заголовков</Filter>
    </ClInclude>
    <ClInclude Include="Dependencies\zstd\dictBuilder\cover.h">
      <Filter>Файлы заголовков</Filter>
    </ClInclude>
    <ClInclude Include="Dependencies\zstd\dictBuilder\divsufsort.h">
      <Filter>Файлы заголовков</Filter>
    </ClInclude>
    <ClInclude Include="Dependencies\zstd\deprecated\zbuff.h">
      <Filter>Файлы заголовков</Filter>
    </ClInclude>
    <ClInclude Include="Dependencies\zstd\decompress\zstd_ddict.h">
      <Filter>Файлы заголовков</Filter>
    </ClInclude>
    <ClInclude Include="Dependencies\zstd\decompress\zstd_decompress_block.h">
      <Filter>Файлы заголовков</Filter>
    </ClInclude>
    <ClInclude Include="Dependencies\zstd\decompress\zstd_decompress_internal.h">
      <Filter>Файлы заголовков</Filter>
    </ClInclude>
    <ClInclude Include="Dependencies\zstd\compress\clevels.h">
      <Filter>Файлы заголовков</Filter>
    </ClInclude>
    <ClInclude Include="Dependencies\zstd\compress\hist.h">
      <Filter>Файлы заголовков</Filter>
    </ClInclude>
    <ClInclude Include="Dependencies\zstd\compress\zstd_compress_internal.h">
      <Filter>Файлы заголовков</Filter>
    </ClInclude>
    <ClInclude Include="Dependencies\zstd\compress\zstd_compress_literals.h">
      <Filter>Файлы заголовков</Filter>
    </ClInclude>
    <ClInclude Include="Dependencies\zstd\compress\zstd_compress_sequences.h">
      <Filter>Файлы заголовков</Filter>
    </ClInclude>
    <ClInclude Include="Dependencies\zstd\compress\zstd_compress_superblock.h">
      <Filter>Файлы заголовков</Filter>
    </ClInclude>
    <ClInclude Include="Dependencies\zstd\compress\zstd_cwksp.h">
      <Filter>Файлы заголовков</Filter>
    </ClInclude>
    <ClInclude Include="Dependencies\zstd\compress\zstd_double_fast.h">
      <Filter>Файлы заголовков</Filter>
    </ClInclude>
    <ClInclude Include="Dependencies\zstd\compress\zstd_fast.h">
      <Filter>Файлы заголовков</Filter>
    </ClInclude>
    <ClInclude Include="Dependencies\zstd\compress\zstd_lazy.h">
      <Filter>Файлы заголовков</Filter>
    </ClInclude>
    <ClInclude Include="Dependencies\zstd\compress\zstd_ldm.h">
      <Filter>Файлы заголовков</Filter>
    </ClInclude>
    <ClInclude Include="Dependencies\zstd\compress\zstd_ldm_geartab.h">
      <Filter>Файлы заголовков</Filter>
    </ClInclude>
    <ClInclude Include="Dependencies\zstd\compress\zstd_opt.h">
      <Filter>Файлы заголовков</Filter>
    </ClInclude>
    <ClInclude Include="Dependencies\zstd\compress\zstd_preSplit.h">
      <Filter>Файлы заголовков</Filter>
    </ClInclude>
    <ClInclude Include="Dependencies\zstd\compress\zstdmt_compress.h">
      <Filter>Файлы заголовков</Filter>
    </ClInclude>
    <ClInclude Include="Dependencies\zstd\common\zstd_trace.h">
      <Filter>Файлы заголовков</Filter>
    </ClInclude>
    <ClInclude Include="Dependencies\zstd\common\allocations.h">
      <Filter>Файлы заголовков</Filter>
    </ClInclude>
    <ClInclude Include="Dependencies\zstd\common\bits.h">
      <Filter>Файлы заголовков</Filter>
    </ClInclude>
    <ClInclude Include="Dependencies\zstd\common\bitstream.h">
      <Filter>Файлы заголовков</Filter>
    </ClInclude>
    <ClInclude Include="Dependencies\zstd\common\compiler.h">
      <Filter>Файлы заголовков</Filter>
    </ClInclude>
    <ClInclude Include="Dependencies\zstd\common\cpu.h">
      <Filter>Файлы заголовков</Filter>
    </ClInclude>
    <ClInclude Include="Dependencies\zstd\common\debug.h">
      <Filter>Файлы заголовков</Filter>
    </ClInclude>
    <ClInclude Include="Dependencies\zstd\common\error_private.h">
      <Filter>Файлы заголовков</Filter>
    </ClInclude>
    <ClInclude Include="Dependencies\zstd\common\fse.h">
      <Filter>Файлы заголовков</Filter>
    </ClInclude>
    <ClInclude Include="Dependencies\zstd\common\huf.h">
      <Filter>Файлы заголовков</Filter>
    </ClInclude>
    <ClInclude Include="Dependencies\zstd\common\mem.h">
      <Filter>Файлы заголовков</Filter>
    </ClInclude>
    <ClInclude Include="Dependencies\zstd\common\pool.h">
      <Filter>Файлы заголовков</Filter>
    </ClInclude>
    <ClInclude Include="Dependencies\zstd\common\portability_macros.h">
      <Filter>Файлы заголовков</Filter>
    </ClInclude>
    <ClInclude Include="Dependencies\zstd\common\threading.h">
      <Filter>Файлы заголовков</Filter>
    </ClInclude>
    <ClInclude Include="Dependencies\zstd\common\xxhash.h">
      <Filter>Файлы заголовков</Filter>
    </ClInclude>
    <ClInclude Include="Dependencies\zstd\common\zstd_deps.h">
      <Filter>Файлы заголовков</Filter>
    </ClInclude>
    <ClInclude Include="Dependencies\zstd\common\zstd_internal.h">
      <Filter>Файлы заголовков</Filter>
    </ClInclude>
    <ClInclude Include="Dependencies\streamio\streamio.hpp">
      <Filter>Файлы заголовков</Filter>
    </ClInclude>
    <ClInclude Include="Dependencies\Luau\Ast.h">
      <Filter>Файлы заголовков</Filter>
    </ClInclude>
    <ClInclude Include="Dependencies\Luau\BuiltinFolding.h">
      <Filter>Файлы заголовков</Filter>
    </ClInclude>
    <ClInclude Include="Dependencies\Luau\Builtins.h">
      <Filter>Файлы заголовков</Filter>
    </ClInclude>
    <ClInclude Include="Dependencies\Luau\Bytecode.h">
      <Filter>Файлы заголовков</Filter>
    </ClInclude>
    <ClInclude Include="Dependencies\Luau\BytecodeBuilder.h">
      <Filter>Файлы заголовков</Filter>
    </ClInclude>
    <ClInclude Include="Dependencies\Luau\BytecodeUtils.h">
      <Filter>Файлы заголовков</Filter>
    </ClInclude>
    <ClInclude Include="Dependencies\Luau\Common.h">
      <Filter>Файлы заголовков</Filter>
    </ClInclude>
    <ClInclude Include="Dependencies\Luau\Compiler.h">
      <Filter>Файлы заголовков</Filter>
    </ClInclude>
    <ClInclude Include="Dependencies\Luau\Confusables.h">
      <Filter>Файлы заголовков</Filter>
    </ClInclude>
    <ClInclude Include="Dependencies\Luau\ConstantFolding.h">
      <Filter>Файлы заголовков</Filter>
    </ClInclude>
    <ClInclude Include="Dependencies\Luau\CostModel.h">
      <Filter>Файлы заголовков</Filter>
    </ClInclude>
    <ClInclude Include="Dependencies\Luau\DenseHash.h">
      <Filter>Файлы заголовков</Filter>
    </ClInclude>
    <ClInclude Include="Dependencies\Luau\ExperimentalFlags.h">
      <Filter>Файлы заголовков</Filter>
    </ClInclude>
    <ClInclude Include="Dependencies\Luau\Lexer.h">
      <Filter>Файлы заголовков</Filter>
    </ClInclude>
    <ClInclude Include="Dependencies\Luau\Location.h">
      <Filter>Файлы заголовков</Filter>
    </ClInclude>
    <ClInclude Include="Dependencies\Luau\ParseOptions.h">
      <Filter>Файлы заголовков</Filter>
    </ClInclude>
    <ClInclude Include="Dependencies\Luau\Parser.h">
      <Filter>Файлы заголовков</Filter>
    </ClInclude>
    <ClInclude Include="Dependencies\Luau\ParseResult.h">
      <Filter>Файлы заголовков</Filter>
    </ClInclude>
    <ClInclude Include="Dependencies\Luau\StringUtils.h">
      <Filter>Файлы заголовков</Filter>
    </ClInclude>
    <ClInclude Include="Dependencies\Luau\TableShape.h">
      <Filter>Файлы заголовков</Filter>
    </ClInclude>
    <ClInclude Include="Dependencies\Luau\TimeTrace.h">
      <Filter>Файлы заголовков</Filter>
    </ClInclude>
    <ClInclude Include="Dependencies\Luau\Types.h">
      <Filter>Файлы заголовков</Filter>
    </ClInclude>
    <ClInclude Include="Dependencies\Luau\ValueTracking.h">
      <Filter>Файлы заголовков</Filter>
    </ClInclude>
    <ClInclude Include="Dependencies\Luau\Variant.h">
      <Filter>Файлы заголовков</Filter>
    </ClInclude>
    <ClInclude Include="Dependencies\Luau\VecDeque.h">
      <Filter>Файлы заголовков</Filter>
    </ClInclude>
    <ClInclude Include="Dependencies\json\nlohmann\json.hpp">
      <Filter>Файлы заголовков</Filter>
    </ClInclude>
    <ClInclude Include="Dependencies\json\nlohmann\json_fwd.hpp">
      <Filter>Файлы заголовков</Filter>
    </ClInclude>
    <ClInclude Include="Dependencies\json\httplib.h">
      <Filter>Файлы заголовков</Filter>
    </ClInclude>
    <ClInclude Include="Dependencies\json\server.h">
      <Filter>Файлы заголовков</Filter>
    </ClInclude>
    <ClInclude Include="Classes\InstanceModel\instance.hpp">
      <Filter>Файлы заголовков</Filter>
    </ClInclude>
    <ClInclude Include="Classes\DataModel\dmgetter.hpp">
      <Filter>Файлы заголовков</Filter>
    </ClInclude>
    <ClInclude Include="Classes\RBX\offsets.hpp">
      <Filter>Файлы заголовков</Filter>
    </ClInclude>
    <ClInclude Include="luacontent.hpp">
      <Filter>Файлы заголовков</Filter>
    </ClInclude>
  </ItemGroup>
  <ItemGroup>
    <ClCompile Include="dllmain.cpp">
      <Filter>Исходные файлы</Filter>
    </ClCompile>
    <ClCompile Include="pch.cpp">
      <Filter>Исходные файлы</Filter>
    </ClCompile>
    <ClCompile Include="Reverse\memory\memory.cpp">
      <Filter>Исходные файлы</Filter>
    </ClCompile>
    <ClCompile Include="DLL\Injector.cpp">
      <Filter>Исходные файлы</Filter>
    </ClCompile>
    <ClCompile Include="Dependencies\zstd\legacy\zstd_v01.c">
      <Filter>Исходные файлы</Filter>
    </ClCompile>
    <ClCompile Include="Dependencies\zstd\legacy\zstd_v02.c">
      <Filter>Исходные файлы</Filter>
    </ClCompile>
    <ClCompile Include="Dependencies\zstd\legacy\zstd_v03.c">
      <Filter>Исходные файлы</Filter>
    </ClCompile>
    <ClCompile Include="Dependencies\zstd\legacy\zstd_v04.c">
      <Filter>Исходные файлы</Filter>
    </ClCompile>
    <ClCompile Include="Dependencies\zstd\legacy\zstd_v05.c">
      <Filter>Исходные файлы</Filter>
    </ClCompile>
    <ClCompile Include="Dependencies\zstd\legacy\zstd_v06.c">
      <Filter>Исходные файлы</Filter>
    </ClCompile>
    <ClCompile Include="Dependencies\zstd\legacy\zstd_v07.c">
      <Filter>Исходные файлы</Filter>
    </ClCompile>
    <ClCompile Include="Dependencies\zstd\dictBuilder\cover.c">
      <Filter>Исходные файлы</Filter>
    </ClCompile>
    <ClCompile Include="Dependencies\zstd\dictBuilder\divsufsort.c">
      <Filter>Исходные файлы</Filter>
    </ClCompile>
    <ClCompile Include="Dependencies\zstd\dictBuilder\fastcover.c">
      <Filter>Исходные файлы</Filter>
    </ClCompile>
    <ClCompile Include="Dependencies\zstd\dictBuilder\zdict.c">
      <Filter>Исходные файлы</Filter>
    </ClCompile>
    <ClCompile Include="Dependencies\zstd\deprecated\zbuff_common.c">
      <Filter>Исходные файлы</Filter>
    </ClCompile>
    <ClCompile Include="Dependencies\zstd\deprecated\zbuff_compress.c">
      <Filter>Исходные файлы</Filter>
    </ClCompile>
    <ClCompile Include="Dependencies\zstd\deprecated\zbuff_decompress.c">
      <Filter>Исходные файлы</Filter>
    </ClCompile>
    <ClCompile Include="Dependencies\zstd\decompress\huf_decompress.c">
      <Filter>Исходные файлы</Filter>
    </ClCompile>
    <ClCompile Include="Dependencies\zstd\decompress\zstd_ddict.c">
      <Filter>Исходные файлы</Filter>
    </ClCompile>
    <ClCompile Include="Dependencies\zstd\decompress\zstd_decompress.c">
      <Filter>Исходные файлы</Filter>
    </ClCompile>
    <ClCompile Include="Dependencies\zstd\decompress\zstd_decompress_block.c">
      <Filter>Исходные файлы</Filter>
    </ClCompile>
    <ClCompile Include="Dependencies\zstd\compress\fse_compress.c">
      <Filter>Исходные файлы</Filter>
    </ClCompile>
    <ClCompile Include="Dependencies\zstd\compress\hist.c">
      <Filter>Исходные файлы</Filter>
    </ClCompile>
    <ClCompile Include="Dependencies\zstd\compress\huf_compress.c">
      <Filter>Исходные файлы</Filter>
    </ClCompile>
    <ClCompile Include="Dependencies\zstd\compress\zstd_compress.c">
      <Filter>Исходные файлы</Filter>
    </ClCompile>
    <ClCompile Include="Dependencies\zstd\compress\zstd_compress_literals.c">
      <Filter>Исходные файлы</Filter>
    </ClCompile>
    <ClCompile Include="Dependencies\zstd\compress\zstd_compress_sequences.c">
      <Filter>Исходные файлы</Filter>
    </ClCompile>
    <ClCompile Include="Dependencies\zstd\compress\zstd_compress_superblock.c">
      <Filter>Исходные файлы</Filter>
    </ClCompile>
    <ClCompile Include="Dependencies\zstd\compress\zstd_double_fast.c">
      <Filter>Исходные файлы</Filter>
    </ClCompile>
    <ClCompile Include="Dependencies\zstd\compress\zstd_fast.c">
      <Filter>Исходные файлы</Filter>
    </ClCompile>
    <ClCompile Include="Dependencies\zstd\compress\zstd_lazy.c">
      <Filter>Исходные файлы</Filter>
    </ClCompile>
    <ClCompile Include="Dependencies\zstd\compress\zstd_ldm.c">
      <Filter>Исходные файлы</Filter>
    </ClCompile>
    <ClCompile Include="Dependencies\zstd\compress\zstd_opt.c">
      <Filter>Исходные файлы</Filter>
    </ClCompile>
    <ClCompile Include="Dependencies\zstd\compress\zstd_preSplit.c">
      <Filter>Исходные файлы</Filter>
    </ClCompile>
    <ClCompile Include="Dependencies\zstd\compress\zstdmt_compress.c">
      <Filter>Исходные файлы</Filter>
    </ClCompile>
    <ClCompile Include="Dependencies\zstd\common\debug.c">
      <Filter>Исходные файлы</Filter>
    </ClCompile>
    <ClCompile Include="Dependencies\zstd\common\entropy_common.c">
      <Filter>Исходные файлы</Filter>
    </ClCompile>
    <ClCompile Include="Dependencies\zstd\common\error_private.c">
      <Filter>Исходные файлы</Filter>
    </ClCompile>
    <ClCompile Include="Dependencies\zstd\common\fse_decompress.c">
      <Filter>Исходные файлы</Filter>
    </ClCompile>
    <ClCompile Include="Dependencies\zstd\common\pool.c">
      <Filter>Исходные файлы</Filter>
    </ClCompile>
    <ClCompile Include="Dependencies\zstd\common\threading.c">
      <Filter>Исходные файлы</Filter>
    </ClCompile>
    <ClCompile Include="Dependencies\zstd\common\xxhash.c">
      <Filter>Исходные файлы</Filter>
    </ClCompile>
    <ClCompile Include="Dependencies\zstd\common\zstd_common.c">
      <Filter>Исходные файлы</Filter>
    </ClCompile>
    <ClCompile Include="Dependencies\Luau\Ast.cpp">
      <Filter>Исходные файлы</Filter>
    </ClCompile>
    <ClCompile Include="Dependencies\Luau\BuiltinFolding.cpp">
      <Filter>Исходные файлы</Filter>
    </ClCompile>
    <ClCompile Include="Dependencies\Luau\Builtins.cpp">
      <Filter>Исходные файлы</Filter>
    </ClCompile>
    <ClCompile Include="Dependencies\Luau\BytecodeBuilder.cpp">
      <Filter>Исходные файлы</Filter>
    </ClCompile>
    <ClCompile Include="Dependencies\Luau\Compiler.cpp">
      <Filter>Исходные файлы</Filter>
    </ClCompile>
    <ClCompile Include="Dependencies\Luau\Confusables.cpp">
      <Filter>Исходные файлы</Filter>
    </ClCompile>
    <ClCompile Include="Dependencies\Luau\ConstantFolding.cpp">
      <Filter>Исходные файлы</Filter>
    </ClCompile>
    <ClCompile Include="Dependencies\Luau\CostModel.cpp">
      <Filter>Исходные файлы</Filter>
    </ClCompile>
    <ClCompile Include="Dependencies\Luau\lcode.cpp">
      <Filter>Исходные файлы</Filter>
    </ClCompile>
    <ClCompile Include="Dependencies\Luau\Lexer.cpp">
      <Filter>Исходные файлы</Filter>
    </ClCompile>
    <ClCompile Include="Dependencies\Luau\Location.cpp">
      <Filter>Исходные файлы</Filter>
    </ClCompile>
    <ClCompile Include="Dependencies\Luau\Parser.cpp">
      <Filter>Исходные файлы</Filter>
    </ClCompile>
    <ClCompile Include="Dependencies\Luau\StringUtils.cpp">
      <Filter>Исходные файлы</Filter>
    </ClCompile>
    <ClCompile Include="Dependencies\Luau\TableShape.cpp">
      <Filter>Исходные файлы</Filter>
    </ClCompile>
    <ClCompile Include="Dependencies\Luau\TimeTrace.cpp">
      <Filter>Исходные файлы</Filter>
    </ClCompile>
    <ClCompile Include="Dependencies\Luau\Types.cpp">
      <Filter>Исходные файлы</Filter>
    </ClCompile>
    <ClCompile Include="Dependencies\Luau\ValueTracking.cpp">
      <Filter>Исходные файлы</Filter>
    </ClCompile>
    <ClCompile Include="Classes\InstanceModel\instance.cpp">
      <Filter>Исходные файлы</Filter>
    </ClCompile>
    <ClCompile Include="Classes\DataModel\dmgetter.cpp">
      <Filter>Исходные файлы</Filter>
    </ClCompile>
  </ItemGroup>
  <ItemGroup>
    <None Include="Dependencies\zstd.dll" />
    <None Include="Dependencies\zstd\BUCK" />
    <None Include="Dependencies\zstd\libzstd.mk" />
    <None Include="Dependencies\zstd\libzstd.pc.in" />
    <None Include="Dependencies\zstd\Makefile" />
    <None Include="Dependencies\zstd\module.modulemap" />
    <None Include="Dependencies\zstd\README.md" />
    <None Include="Dependencies\zstd\decompress\huf_decompress_amd64.S" />
  </ItemGroup>
  <ItemGroup>
    <Library Include="Dependencies\zstd.lib" />
  </ItemGroup>
</Project>